// !$*UTF8*$!
{
	archiveVersion = 1;
	classes = {
	};
	objectVersion = 50;
	objects = {

/* Begin PBXBuildFile section */
		0D3AB851225D597C00C320E8 /* AppDelegate.swift in Sources */ = {isa = PBXBuildFile; fileRef = 0D3AB850225D597C00C320E8 /* AppDelegate.swift */; };
		0D3AB853225D597C00C320E8 /* ViewController.swift in Sources */ = {isa = PBXBuildFile; fileRef = 0D3AB852225D597C00C320E8 /* ViewController.swift */; };
		0D3AB856225D597C00C320E8 /* Main.storyboard in Resources */ = {isa = PBXBuildFile; fileRef = 0D3AB854225D597C00C320E8 /* Main.storyboard */; };
		0D3AB858225D597D00C320E8 /* Assets.xcassets in Resources */ = {isa = PBXBuildFile; fileRef = 0D3AB857225D597D00C320E8 /* Assets.xcassets */; };
		0D3AB85B225D597D00C320E8 /* LaunchScreen.storyboard in Resources */ = {isa = PBXBuildFile; fileRef = 0D3AB859225D597D00C320E8 /* LaunchScreen.storyboard */; };
		0D3AB866225D597D00C320E8 /* Audio_Capture___PlaybackTests.swift in Sources */ = {isa = PBXBuildFile; fileRef = 0D3AB865225D597D00C320E8 /* Audio_Capture___PlaybackTests.swift */; };
		0D3AB871225D597D00C320E8 /* Audio_Capture___PlaybackUITests.swift in Sources */ = {isa = PBXBuildFile; fileRef = 0D3AB870225D597D00C320E8 /* Audio_Capture___PlaybackUITests.swift */; };
/* End PBXBuildFile section */

/* Begin PBXContainerItemProxy section */
		0D3AB862225D597D00C320E8 /* PBXContainerItemProxy */ = {
			isa = PBXContainerItemProxy;
			containerPortal = 0D3AB845225D597C00C320E8 /* Project object */;
			proxyType = 1;
			remoteGlobalIDString = 0D3AB84C225D597C00C320E8;
			remoteInfo = "Audio Capture & Playback";
		};
		0D3AB86D225D597D00C320E8 /* PBXContainerItemProxy */ = {
			isa = PBXContainerItemProxy;
			containerPortal = 0D3AB845225D597C00C320E8 /* Project object */;
			proxyType = 1;
			remoteGlobalIDString = 0D3AB84C225D597C00C320E8;
			remoteInfo = "Audio Capture & Playback";
		};
/* End PBXContainerItemProxy section */

/* Begin PBXFileReference section */
		0D3AB84D225D597C00C320E8 /* Audio Capture & Playback.app */ = {isa = PBXFileReference; explicitFileType = wrapper.application; includeInIndex = 0; path = "Audio Capture & Playback.app"; sourceTree = BUILT_PRODUCTS_DIR; };
		0D3AB850225D597C00C320E8 /* AppDelegate.swift */ = {isa = PBXFileReference; lastKnownFileType = sourcecode.swift; path = AppDelegate.swift; sourceTree = "<group>"; };
		0D3AB852225D597C00C320E8 /* ViewController.swift */ = {isa = PBXFileReference; lastKnownFileType = sourcecode.swift; path = ViewController.swift; sourceTree = "<group>"; };
		0D3AB855225D597C00C320E8 /* Base */ = {isa = PBXFileReference; lastKnownFileType = file.storyboard; name = Base; path = Base.lproj/Main.storyboard; sourceTree = "<group>"; };
		0D3AB857225D597D00C320E8 /* Assets.xcassets */ = {isa = PBXFileReference; lastKnownFileType = folder.assetcatalog; path = Assets.xcassets; sourceTree = "<group>"; };
		0D3AB85A225D597D00C320E8 /* Base */ = {isa = PBXFileReference; lastKnownFileType = file.storyboard; name = Base; path = Base.lproj/LaunchScreen.storyboard; sourceTree = "<group>"; };
		0D3AB85C225D597D00C320E8 /* Info.plist */ = {isa = PBXFileReference; lastKnownFileType = text.plist.xml; path = Info.plist; sourceTree = "<group>"; };
		0D3AB861225D597D00C320E8 /* Audio Capture & PlaybackTests.xctest */ = {isa = PBXFileReference; explicitFileType = wrapper.cfbundle; includeInIndex = 0; path = "Audio Capture & PlaybackTests.xctest"; sourceTree = BUILT_PRODUCTS_DIR; };
		0D3AB865225D597D00C320E8 /* Audio_Capture___PlaybackTests.swift */ = {isa = PBXFileReference; lastKnownFileType = sourcecode.swift; path = "Audio_Capture___PlaybackTests.swift"; sourceTree = "<group>"; };
		0D3AB867225D597D00C320E8 /* Info.plist */ = {isa = PBXFileReference; lastKnownFileType = text.plist.xml; path = Info.plist; sourceTree = "<group>"; };
		0D3AB86C225D597D00C320E8 /* Audio Capture & PlaybackUITests.xctest */ = {isa = PBXFileReference; explicitFileType = wrapper.cfbundle; includeInIndex = 0; path = "Audio Capture & PlaybackUITests.xctest"; sourceTree = BUILT_PRODUCTS_DIR; };
		0D3AB870225D597D00C320E8 /* Audio_Capture___PlaybackUITests.swift */ = {isa = PBXFileReference; lastKnownFileType = sourcecode.swift; path = "Audio_Capture___PlaybackUITests.swift"; sourceTree = "<group>"; };
		0D3AB872225D597D00C320E8 /* Info.plist */ = {isa = PBXFileReference; lastKnownFileType = text.plist.xml; path = Info.plist; sourceTree = "<group>"; };
/* End PBXFileReference section */

/* Begin PBXFrameworksBuildPhase section */
		0D3AB84A225D597C00C320E8 /* Frameworks */ = {
			isa = PBXFrameworksBuildPhase;
			buildActionMask = 2147483647;
			files = (
			);
			runOnlyForDeploymentPostprocessing = 0;
		};
		0D3AB85E225D597D00C320E8 /* Frameworks */ = {
			isa = PBXFrameworksBuildPhase;
			buildActionMask = 2147483647;
			files = (
			);
			runOnlyForDeploymentPostprocessing = 0;
		};
		0D3AB869225D597D00C320E8 /* Frameworks */ = {
			isa = PBXFrameworksBuildPhase;
			buildActionMask = 2147483647;
			files = (
			);
			runOnlyForDeploymentPostprocessing = 0;
		};
/* End PBXFrameworksBuildPhase section */

/* Begin PBXGroup section */
		0D3AB844225D597C00C320E8 = {
			isa = PBXGroup;
			children = (
				0D3AB84F225D597C00C320E8 /* Audio Capture & Playback */,
				0D3AB864225D597D00C320E8 /* Audio Capture & PlaybackTests */,
				0D3AB86F225D597D00C320E8 /* Audio Capture & PlaybackUITests */,
				0D3AB84E225D597C00C320E8 /* Products */,
			);
			sourceTree = "<group>";
		};
		0D3AB84E225D597C00C320E8 /* Products */ = {
			isa = PBXGroup;
			children = (
				0D3AB84D225D597C00C320E8 /* Audio Capture & Playback.app */,
				0D3AB861225D597D00C320E8 /* Audio Capture & PlaybackTests.xctest */,
				0D3AB86C225D597D00C320E8 /* Audio Capture & PlaybackUITests.xctest */,
			);
			name = Products;
			sourceTree = "<group>";
		};
		0D3AB84F225D597C00C320E8 /* Audio Capture & Playback */ = {
			isa = PBXGroup;
			children = (
				0D3AB850225D597C00C320E8 /* AppDelegate.swift */,
				0D3AB852225D597C00C320E8 /* ViewController.swift */,
				0D3AB854225D597C00C320E8 /* Main.storyboard */,
				0D3AB857225D597D00C320E8 /* Assets.xcassets */,
				0D3AB859225D597D00C320E8 /* LaunchScreen.storyboard */,
				0D3AB85C225D597D00C320E8 /* Info.plist */,
			);
			path = "Audio Capture & Playback";
			sourceTree = "<group>";
		};
		0D3AB864225D597D00C320E8 /* Audio Capture & PlaybackTests */ = {
			isa = PBXGroup;
			children = (
				0D3AB865225D597D00C320E8 /* Audio_Capture___PlaybackTests.swift */,
				0D3AB867225D597D00C320E8 /* Info.plist */,
			);
			path = "Audio Capture & PlaybackTests";
			sourceTree = "<group>";
		};
		0D3AB86F225D597D00C320E8 /* Audio Capture & PlaybackUITests */ = {
			isa = PBXGroup;
			children = (
				0D3AB870225D597D00C320E8 /* Audio_Capture___PlaybackUITests.swift */,
				0D3AB872225D597D00C320E8 /* Info.plist */,
			);
			path = "Audio Capture & PlaybackUITests";
			sourceTree = "<group>";
		};
/* End PBXGroup section */

/* Begin PBXNativeTarget section */
		0D3AB84C225D597C00C320E8 /* Audio Capture & Playback */ = {
			isa = PBXNativeTarget;
			buildConfigurationList = 0D3AB875225D597D00C320E8 /* Build configuration list for PBXNativeTarget "Audio Capture & Playback" */;
			buildPhases = (
				0D3AB849225D597C00C320E8 /* Sources */,
				0D3AB84A225D597C00C320E8 /* Frameworks */,
				0D3AB84B225D597C00C320E8 /* Resources */,
			);
			buildRules = (
			);
			dependencies = (
			);
			name = "Audio Capture & Playback";
			productName = "Audio Capture & Playback";
			productReference = 0D3AB84D225D597C00C320E8 /* Audio Capture & Playback.app */;
			productType = "com.apple.product-type.application";
		};
		0D3AB860225D597D00C320E8 /* Audio Capture & PlaybackTests */ = {
			isa = PBXNativeTarget;
			buildConfigurationList = 0D3AB878225D597D00C320E8 /* Build configuration list for PBXNativeTarget "Audio Capture & PlaybackTests" */;
			buildPhases = (
				0D3AB85D225D597D00C320E8 /* Sources */,
				0D3AB85E225D597D00C320E8 /* Frameworks */,
				0D3AB85F225D597D00C320E8 /* Resources */,
			);
			buildRules = (
			);
			dependencies = (
				0D3AB863225D597D00C320E8 /* PBXTargetDependency */,
			);
			name = "Audio Capture & PlaybackTests";
			productName = "Audio Capture & PlaybackTests";
			productReference = 0D3AB861225D597D00C320E8 /* Audio Capture & PlaybackTests.xctest */;
			productType = "com.apple.product-type.bundle.unit-test";
		};
		0D3AB86B225D597D00C320E8 /* Audio Capture & PlaybackUITests */ = {
			isa = PBXNativeTarget;
			buildConfigurationList = 0D3AB87B225D597D00C320E8 /* Build configuration list for PBXNativeTarget "Audio Capture & PlaybackUITests" */;
			buildPhases = (
				0D3AB868225D597D00C320E8 /* Sources */,
				0D3AB869225D597D00C320E8 /* Frameworks */,
				0D3AB86A225D597D00C320E8 /* Resources */,
			);
			buildRules = (
			);
			dependencies = (
				0D3AB86E225D597D00C320E8 /* PBXTargetDependency */,
			);
			name = "Audio Capture & PlaybackUITests";
			productName = "Audio Capture & PlaybackUITests";
			productReference = 0D3AB86C225D597D00C320E8 /* Audio Capture & PlaybackUITests.xctest */;
			productType = "com.apple.product-type.bundle.ui-testing";
		};
/* End PBXNativeTarget section */

/* Begin PBXProject section */
		0D3AB845225D597C00C320E8 /* Project object */ = {
			isa = PBXProject;
			attributes = {
				LastSwiftUpdateCheck = 1020;
				LastUpgradeCheck = 1020;
				ORGANIZATIONNAME = "Jack Huffman";
				TargetAttributes = {
					0D3AB84C225D597C00C320E8 = {
						CreatedOnToolsVersion = 10.2;
					};
					0D3AB860225D597D00C320E8 = {
						CreatedOnToolsVersion = 10.2;
						TestTargetID = 0D3AB84C225D597C00C320E8;
					};
					0D3AB86B225D597D00C320E8 = {
						CreatedOnToolsVersion = 10.2;
						TestTargetID = 0D3AB84C225D597C00C320E8;
					};
				};
			};
			buildConfigurationList = 0D3AB848225D597C00C320E8 /* Build configuration list for PBXProject "Audio Capture & Playback" */;
			compatibilityVersion = "Xcode 9.3";
			developmentRegion = en;
			hasScannedForEncodings = 0;
			knownRegions = (
				en,
				Base,
			);
			mainGroup = 0D3AB844225D597C00C320E8;
			productRefGroup = 0D3AB84E225D597C00C320E8 /* Products */;
			projectDirPath = "";
			projectRoot = "";
			targets = (
				0D3AB84C225D597C00C320E8 /* Audio Capture & Playback */,
				0D3AB860225D597D00C320E8 /* Audio Capture & PlaybackTests */,
				0D3AB86B225D597D00C320E8 /* Audio Capture & PlaybackUITests */,
			);
		};
/* End PBXProject section */

/* Begin PBXResourcesBuildPhase section */
		0D3AB84B225D597C00C320E8 /* Resources */ = {
			isa = PBXResourcesBuildPhase;
			buildActionMask = 2147483647;
			files = (
				0D3AB85B225D597D00C320E8 /* LaunchScreen.storyboard in Resources */,
				0D3AB858225D597D00C320E8 /* Assets.xcassets in Resources */,
				0D3AB856225D597C00C320E8 /* Main.storyboard in Resources */,
			);
			runOnlyForDeploymentPostprocessing = 0;
		};
		0D3AB85F225D597D00C320E8 /* Resources */ = {
			isa = PBXResourcesBuildPhase;
			buildActionMask = 2147483647;
			files = (
			);
			runOnlyForDeploymentPostprocessing = 0;
		};
		0D3AB86A225D597D00C320E8 /* Resources */ = {
			isa = PBXResourcesBuildPhase;
			buildActionMask = 2147483647;
			files = (
			);
			runOnlyForDeploymentPostprocessing = 0;
		};
/* End PBXResourcesBuildPhase section */

/* Begin PBXSourcesBuildPhase section */
		0D3AB849225D597C00C320E8 /* Sources */ = {
			isa = PBXSourcesBuildPhase;
			buildActionMask = 2147483647;
			files = (
				0D3AB853225D597C00C320E8 /* ViewController.swift in Sources */,
				0D3AB851225D597C00C320E8 /* AppDelegate.swift in Sources */,
			);
			runOnlyForDeploymentPostprocessing = 0;
		};
		0D3AB85D225D597D00C320E8 /* Sources */ = {
			isa = PBXSourcesBuildPhase;
			buildActionMask = 2147483647;
			files = (
				0D3AB866225D597D00C320E8 /* Audio_Capture___PlaybackTests.swift in Sources */,
			);
			runOnlyForDeploymentPostprocessing = 0;
		};
		0D3AB868225D597D00C320E8 /* Sources */ = {
			isa = PBXSourcesBuildPhase;
			buildActionMask = 2147483647;
			files = (
				0D3AB871225D597D00C320E8 /* Audio_Capture___PlaybackUITests.swift in Sources */,
			);
			runOnlyForDeploymentPostprocessing = 0;
		};
/* End PBXSourcesBuildPhase section */

/* Begin PBXTargetDependency section */
		0D3AB863225D597D00C320E8 /* PBXTargetDependency */ = {
			isa = PBXTargetDependency;
			target = 0D3AB84C225D597C00C320E8 /* Audio Capture & Playback */;
			targetProxy = 0D3AB862225D597D00C320E8 /* PBXContainerItemProxy */;
		};
		0D3AB86E225D597D00C320E8 /* PBXTargetDependency */ = {
			isa = PBXTargetDependency;
			target = 0D3AB84C225D597C00C320E8 /* Audio Capture & Playback */;
			targetProxy = 0D3AB86D225D597D00C320E8 /* PBXContainerItemProxy */;
		};
/* End PBXTargetDependency section */

/* Begin PBXVariantGroup section */
		0D3AB854225D597C00C320E8 /* Main.storyboard */ = {
			isa = PBXVariantGroup;
			children = (
				0D3AB855225D597C00C320E8 /* Base */,
			);
			name = Main.storyboard;
			sourceTree = "<group>";
		};
		0D3AB859225D597D00C320E8 /* LaunchScreen.storyboard */ = {
			isa = PBXVariantGroup;
			children = (
				0D3AB85A225D597D00C320E8 /* Base */,
			);
			name = LaunchScreen.storyboard;
			sourceTree = "<group>";
		};
/* End PBXVariantGroup section */

/* Begin XCBuildConfiguration section */
		0D3AB873225D597D00C320E8 /* Debug */ = {
			isa = XCBuildConfiguration;
			buildSettings = {
				ALWAYS_SEARCH_USER_PATHS = NO;
				CLANG_ANALYZER_NONNULL = YES;
				CLANG_ANALYZER_NUMBER_OBJECT_CONVERSION = YES_AGGRESSIVE;
				CLANG_CXX_LANGUAGE_STANDARD = "gnu++14";
				CLANG_CXX_LIBRARY = "libc++";
				CLANG_ENABLE_MODULES = YES;
				CLANG_ENABLE_OBJC_ARC = YES;
				CLANG_ENABLE_OBJC_WEAK = YES;
				CLANG_WARN_BLOCK_CAPTURE_AUTORELEASING = YES;
				CLANG_WARN_BOOL_CONVERSION = YES;
				CLANG_WARN_COMMA = YES;
				CLANG_WARN_CONSTANT_CONVERSION = YES;
				CLANG_WARN_DEPRECATED_OBJC_IMPLEMENTATIONS = YES;
				CLANG_WARN_DIRECT_OBJC_ISA_USAGE = YES_ERROR;
				CLANG_WARN_DOCUMENTATION_COMMENTS = YES;
				CLANG_WARN_EMPTY_BODY = YES;
				CLANG_WARN_ENUM_CONVERSION = YES;
				CLANG_WARN_INFINITE_RECURSION = YES;
				CLANG_WARN_INT_CONVERSION = YES;
				CLANG_WARN_NON_LITERAL_NULL_CONVERSION = YES;
				CLANG_WARN_OBJC_IMPLICIT_RETAIN_SELF = YES;
				CLANG_WARN_OBJC_LITERAL_CONVERSION = YES;
				CLANG_WARN_OBJC_ROOT_CLASS = YES_ERROR;
				CLANG_WARN_RANGE_LOOP_ANALYSIS = YES;
				CLANG_WARN_STRICT_PROTOTYPES = YES;
				CLANG_WARN_SUSPICIOUS_MOVE = YES;
				CLANG_WARN_UNGUARDED_AVAILABILITY = YES_AGGRESSIVE;
				CLANG_WARN_UNREACHABLE_CODE = YES;
				CLANG_WARN__DUPLICATE_METHOD_MATCH = YES;
				CODE_SIGN_IDENTITY = "iPhone Developer";
				COPY_PHASE_STRIP = NO;
				DEBUG_INFORMATION_FORMAT = dwarf;
				ENABLE_STRICT_OBJC_MSGSEND = YES;
				ENABLE_TESTABILITY = YES;
				GCC_C_LANGUAGE_STANDARD = gnu11;
				GCC_DYNAMIC_NO_PIC = NO;
				GCC_NO_COMMON_BLOCKS = YES;
				GCC_OPTIMIZATION_LEVEL = 0;
				GCC_PREPROCESSOR_DEFINITIONS = (
					"DEBUG=1",
					"$(inherited)",
				);
				GCC_WARN_64_TO_32_BIT_CONVERSION = YES;
				GCC_WARN_ABOUT_RETURN_TYPE = YES_ERROR;
				GCC_WARN_UNDECLARED_SELECTOR = YES;
				GCC_WARN_UNINITIALIZED_AUTOS = YES_AGGRESSIVE;
				GCC_WARN_UNUSED_FUNCTION = YES;
				GCC_WARN_UNUSED_VARIABLE = YES;
				IPHONEOS_DEPLOYMENT_TARGET = 12.2;
				MTL_ENABLE_DEBUG_INFO = INCLUDE_SOURCE;
				MTL_FAST_MATH = YES;
				ONLY_ACTIVE_ARCH = YES;
				SDKROOT = iphoneos;
				SWIFT_ACTIVE_COMPILATION_CONDITIONS = DEBUG;
				SWIFT_OPTIMIZATION_LEVEL = "-Onone";
			};
			name = Debug;
		};
		0D3AB874225D597D00C320E8 /* Release */ = {
			isa = XCBuildConfiguration;
			buildSettings = {
				ALWAYS_SEARCH_USER_PATHS = NO;
				CLANG_ANALYZER_NONNULL = YES;
				CLANG_ANALYZER_NUMBER_OBJECT_CONVERSION = YES_AGGRESSIVE;
				CLANG_CXX_LANGUAGE_STANDARD = "gnu++14";
				CLANG_CXX_LIBRARY = "libc++";
				CLANG_ENABLE_MODULES = YES;
				CLANG_ENABLE_OBJC_ARC = YES;
				CLANG_ENABLE_OBJC_WEAK = YES;
				CLANG_WARN_BLOCK_CAPTURE_AUTORELEASING = YES;
				CLANG_WARN_BOOL_CONVERSION = YES;
				CLANG_WARN_COMMA = YES;
				CLANG_WARN_CONSTANT_CONVERSION = YES;
				CLANG_WARN_DEPRECATED_OBJC_IMPLEMENTATIONS = YES;
				CLANG_WARN_DIRECT_OBJC_ISA_USAGE = YES_ERROR;
				CLANG_WARN_DOCUMENTATION_COMMENTS = YES;
				CLANG_WARN_EMPTY_BODY = YES;
				CLANG_WARN_ENUM_CONVERSION = YES;
				CLANG_WARN_INFINITE_RECURSION = YES;
				CLANG_WARN_INT_CONVERSION = YES;
				CLANG_WARN_NON_LITERAL_NULL_CONVERSION = YES;
				CLANG_WARN_OBJC_IMPLICIT_RETAIN_SELF = YES;
				CLANG_WARN_OBJC_LITERAL_CONVERSION = YES;
				CLANG_WARN_OBJC_ROOT_CLASS = YES_ERROR;
				CLANG_WARN_RANGE_LOOP_ANALYSIS = YES;
				CLANG_WARN_STRICT_PROTOTYPES = YES;
				CLANG_WARN_SUSPICIOUS_MOVE = YES;
				CLANG_WARN_UNGUARDED_AVAILABILITY = YES_AGGRESSIVE;
				CLANG_WARN_UNREACHABLE_CODE = YES;
				CLANG_WARN__DUPLICATE_METHOD_MATCH = YES;
				CODE_SIGN_IDENTITY = "iPhone Developer";
				COPY_PHASE_STRIP = NO;
				DEBUG_INFORMATION_FORMAT = "dwarf-with-dsym";
				ENABLE_NS_ASSERTIONS = NO;
				ENABLE_STRICT_OBJC_MSGSEND = YES;
				GCC_C_LANGUAGE_STANDARD = gnu11;
				GCC_NO_COMMON_BLOCKS = YES;
				GCC_WARN_64_TO_32_BIT_CONVERSION = YES;
				GCC_WARN_ABOUT_RETURN_TYPE = YES_ERROR;
				GCC_WARN_UNDECLARED_SELECTOR = YES;
				GCC_WARN_UNINITIALIZED_AUTOS = YES_AGGRESSIVE;
				GCC_WARN_UNUSED_FUNCTION = YES;
				GCC_WARN_UNUSED_VARIABLE = YES;
				IPHONEOS_DEPLOYMENT_TARGET = 12.2;
				MTL_ENABLE_DEBUG_INFO = NO;
				MTL_FAST_MATH = YES;
				SDKROOT = iphoneos;
				SWIFT_COMPILATION_MODE = wholemodule;
				SWIFT_OPTIMIZATION_LEVEL = "-O";
				VALIDATE_PRODUCT = YES;
			};
			name = Release;
		};
		0D3AB876225D597D00C320E8 /* Debug */ = {
			isa = XCBuildConfiguration;
			buildSettings = {
				ASSETCATALOG_COMPILER_APPICON_NAME = AppIcon;
				CODE_SIGN_STYLE = Automatic;
				DEVELOPMENT_TEAM = 98PK928T8M;
				INFOPLIST_FILE = "Audio Capture & Playback/Info.plist";
				LD_RUNPATH_SEARCH_PATHS = (
					"$(inherited)",
					"@executable_path/Frameworks",
				);
				PRODUCT_BUNDLE_IDENTIFIER = "iOS-Dev-2.Audio-Capture---Playback";
				PRODUCT_NAME = "$(TARGET_NAME)";
				SWIFT_VERSION = 5.0;
				TARGETED_DEVICE_FAMILY = "1,2";
			};
			name = Debug;
		};
		0D3AB877225D597D00C320E8 /* Release */ = {
			isa = XCBuildConfiguration;
			buildSettings = {
				ASSETCATALOG_COMPILER_APPICON_NAME = AppIcon;
				CODE_SIGN_STYLE = Automatic;
				DEVELOPMENT_TEAM = 98PK928T8M;
				INFOPLIST_FILE = "Audio Capture & Playback/Info.plist";
				LD_RUNPATH_SEARCH_PATHS = (
					"$(inherited)",
					"@executable_path/Frameworks",
				);
				PRODUCT_BUNDLE_IDENTIFIER = "iOS-Dev-2.Audio-Capture---Playback";
				PRODUCT_NAME = "$(TARGET_NAME)";
				SWIFT_VERSION = 5.0;
				TARGETED_DEVICE_FAMILY = "1,2";
			};
			name = Release;
		};
		0D3AB879225D597D00C320E8 /* Debug */ = {
			isa = XCBuildConfiguration;
			buildSettings = {
				ALWAYS_EMBED_SWIFT_STANDARD_LIBRARIES = YES;
				BUNDLE_LOADER = "$(TEST_HOST)";
				CODE_SIGN_STYLE = Automatic;
				DEVELOPMENT_TEAM = 98PK928T8M;
				INFOPLIST_FILE = "Audio Capture & PlaybackTests/Info.plist";
				LD_RUNPATH_SEARCH_PATHS = (
					"$(inherited)",
					"@executable_path/Frameworks",
					"@loader_path/Frameworks",
				);
				PRODUCT_BUNDLE_IDENTIFIER = "iOS-Dev-2.Audio-Capture---PlaybackTests";
				PRODUCT_NAME = "$(TARGET_NAME)";
				SWIFT_VERSION = 5.0;
				TARGETED_DEVICE_FAMILY = "1,2";
				TEST_HOST = "$(BUILT_PRODUCTS_DIR)/Audio Capture & Playback.app/Audio Capture & Playback";
			};
			name = Debug;
		};
		0D3AB87A225D597D00C320E8 /* Release */ = {
			isa = XCBuildConfiguration;
			buildSettings = {
				ALWAYS_EMBED_SWIFT_STANDARD_LIBRARIES = YES;
				BUNDLE_LOADER = "$(TEST_HOST)";
				CODE_SIGN_STYLE = Automatic;
				DEVELOPMENT_TEAM = 98PK928T8M;
				INFOPLIST_FILE = "Audio Capture & PlaybackTests/Info.plist";
				LD_RUNPATH_SEARCH_PATHS = (
					"$(inherited)",
					"@executable_path/Frameworks",
					"@loader_path/Frameworks",
				);
				PRODUCT_BUNDLE_IDENTIFIER = "iOS-Dev-2.Audio-Capture---PlaybackTests";
				PRODUCT_NAME = "$(TARGET_NAME)";
				SWIFT_VERSION = 5.0;
				TARGETED_DEVICE_FAMILY = "1,2";
				TEST_HOST = "$(BUILT_PRODUCTS_DIR)/Audio Capture & Playback.app/Audio Capture & Playback";
			};
			name = Release;
		};
		0D3AB87C225D597D00C320E8 /* Debug */ = {
			isa = XCBuildConfiguration;
			buildSettings = {
				ALWAYS_EMBED_SWIFT_STANDARD_LIBRARIES = YES;
				CODE_SIGN_STYLE = Automatic;
				DEVELOPMENT_TEAM = 98PK928T8M;
				INFOPLIST_FILE = "Audio Capture & PlaybackUITests/Info.plist";
				LD_RUNPATH_SEARCH_PATHS = (
					"$(inherited)",
					"@executable_path/Frameworks",
					"@loader_path/Frameworks",
				);
				PRODUCT_BUNDLE_IDENTIFIER = "iOS-Dev-2.Audio-Capture---PlaybackUITests";
				PRODUCT_NAME = "$(TARGET_NAME)";
				SWIFT_VERSION = 5.0;
				TARGETED_DEVICE_FAMILY = "1,2";
				TEST_TARGET_NAME = "Audio Capture & Playback";
			};
			name = Debug;
		};
		0D3AB87D225D597D00C320E8 /* Release */ = {
			isa = XCBuildConfiguration;
			buildSettings = {
				ALWAYS_EMBED_SWIFT_STANDARD_LIBRARIES = YES;
				CODE_SIGN_STYLE = Automatic;
				DEVELOPMENT_TEAM = 98PK928T8M;
				INFOPLIST_FILE = "Audio Capture & PlaybackUITests/Info.plist";
				LD_RUNPATH_SEARCH_PATHS = (
					"$(inherited)",
					"@executable_path/Frameworks",
					"@loader_path/Frameworks",
				);
				PRODUCT_BUNDLE_IDENTIFIER = "iOS-Dev-2.Audio-Capture---PlaybackUITests";
				PRODUCT_NAME = "$(TARGET_NAME)";
				SWIFT_VERSION = 5.0;
				TARGETED_DEVICE_FAMILY = "1,2";
				TEST_TARGET_NAME = "Audio Capture & Playback";
			};
			name = Release;
		};
/* End XCBuildConfiguration section */

/* Begin XCConfigurationList section */
		0D3AB848225D597C00C320E8 /* Build configuration list for PBXProject "Audio Capture & Playback" */ = {
			isa = XCConfigurationList;
			buildConfigurations = (
				0D3AB873225D597D00C320E8 /* Debug */,
				0D3AB874225D597D00C320E8 /* Release */,
			);
			defaultConfigurationIsVisible = 0;
			defaultConfigurationName = Release;
		};
		0D3AB875225D597D00C320E8 /* Build configuration list for PBXNativeTarget "Audio Capture & Playback" */ = {
			isa = XCConfigurationList;
			buildConfigurations = (
				0D3AB876225D597D00C320E8 /* Debug */,
				0D3AB877225D597D00C320E8 /* Release */,
			);
			defaultConfigurationIsVisible = 0;
			defaultConfigurationName = Release;
		};
		0D3AB878225D597D00C320E8 /* Build configuration list for PBXNativeTarget "Audio Capture & PlaybackTests" */ = {
			isa = XCConfigurationList;
			buildConfigurations = (
				0D3AB879225D597D00C320E8 /* Debug */,
				0D3AB87A225D597D00C320E8 /* Release */,
			);
			defaultConfigurationIsVisible = 0;
			defaultConfigurationName = Release;
		};
		0D3AB87B225D597D00C320E8 /* Build configuration list for PBXNativeTarget "Audio Capture & PlaybackUITests" */ = {
			isa = XCConfigurationList;
			buildConfigurations = (
				0D3AB87C225D597D00C320E8 /* Debug */,
				0D3AB87D225D597D00C320E8 /* Release */,
			);
			defaultConfigurationIsVisible = 0;
			defaultConfigurationName = Release;
		};
/* End XCConfigurationList section */
	};
	rootObject = 0D3AB845225D597C00C320E8 /* Project object */;
}
